<?xml version="1.0" encoding="UTF-8" standalone="yes" ?>
<CodeBlocks_project_file>
   <FileVersion major="1" minor="6" />
   <Project>
      <Option title="Project" />
      <Option makefile_is_custom="1" />
      <Option compiler="gcc" />
      <Option virtualFolders="CMake Files\;" />
      <Build>
      <Target title="all">
         <Option working_dir="/home/bob/test/bb/809y_maze_solver/build-app-Desktop_Qt_5_12_2_GCC_64bit-Default" />
         <Option type="4" />
         <MakeCommands>
            <Build command="/usr/bin/make -f &quot;/home/bob/test/bb/809y_maze_solver/build-app-Desktop_Qt_5_12_2_GCC_64bit-Default/Makefile&quot;  VERBOSE=1 all" />
            <CompileFile command="/usr/bin/make -f &quot;/home/bob/test/bb/809y_maze_solver/build-app-Desktop_Qt_5_12_2_GCC_64bit-Default/Makefile&quot;  VERBOSE=1 &quot;$file&quot;" />
            <Clean command="/usr/bin/make -f &quot;/home/bob/test/bb/809y_maze_solver/build-app-Desktop_Qt_5_12_2_GCC_64bit-Default/Makefile&quot;  VERBOSE=1 clean" />
            <DistClean command="/usr/bin/make -f &quot;/home/bob/test/bb/809y_maze_solver/build-app-Desktop_Qt_5_12_2_GCC_64bit-Default/Makefile&quot;  VERBOSE=1 clean" />
         </MakeCommands>
      </Target>
      <Target title="edit_cache">
         <Option working_dir="/home/bob/test/bb/809y_maze_solver/build-app-Desktop_Qt_5_12_2_GCC_64bit-Default" />
         <Option type="4" />
         <MakeCommands>
            <Build command="/usr/bin/make -f &quot;/home/bob/test/bb/809y_maze_solver/build-app-Desktop_Qt_5_12_2_GCC_64bit-Default/Makefile&quot;  VERBOSE=1 edit_cache" />
            <CompileFile command="/usr/bin/make -f &quot;/home/bob/test/bb/809y_maze_solver/build-app-Desktop_Qt_5_12_2_GCC_64bit-Default/Makefile&quot;  VERBOSE=1 &quot;$file&quot;" />
            <Clean command="/usr/bin/make -f &quot;/home/bob/test/bb/809y_maze_solver/build-app-Desktop_Qt_5_12_2_GCC_64bit-Default/Makefile&quot;  VERBOSE=1 clean" />
            <DistClean command="/usr/bin/make -f &quot;/home/bob/test/bb/809y_maze_solver/build-app-Desktop_Qt_5_12_2_GCC_64bit-Default/Makefile&quot;  VERBOSE=1 clean" />
         </MakeCommands>
      </Target>
      <Target title="rebuild_cache">
         <Option working_dir="/home/bob/test/bb/809y_maze_solver/build-app-Desktop_Qt_5_12_2_GCC_64bit-Default" />
         <Option type="4" />
         <MakeCommands>
            <Build command="/usr/bin/make -f &quot;/home/bob/test/bb/809y_maze_solver/build-app-Desktop_Qt_5_12_2_GCC_64bit-Default/Makefile&quot;  VERBOSE=1 rebuild_cache" />
            <CompileFile command="/usr/bin/make -f &quot;/home/bob/test/bb/809y_maze_solver/build-app-Desktop_Qt_5_12_2_GCC_64bit-Default/Makefile&quot;  VERBOSE=1 &quot;$file&quot;" />
            <Clean command="/usr/bin/make -f &quot;/home/bob/test/bb/809y_maze_solver/build-app-Desktop_Qt_5_12_2_GCC_64bit-Default/Makefile&quot;  VERBOSE=1 clean" />
            <DistClean command="/usr/bin/make -f &quot;/home/bob/test/bb/809y_maze_solver/build-app-Desktop_Qt_5_12_2_GCC_64bit-Default/Makefile&quot;  VERBOSE=1 clean" />
         </MakeCommands>
      </Target>
      <Target title="shell-app">
         <Option output="/home/bob/test/bb/809y_maze_solver/build-app-Desktop_Qt_5_12_2_GCC_64bit-Default/shell-app" prefix_auto="0" extension_auto="0" />
         <Option working_dir="" />
         <Option object_output="./" />
         <Option type="1" />
         <Option compiler="gcc" />
         <Compiler>
            <Add directory="/home/bob/test/bb/809y_maze_solver/app/include/Maze" />
            <Add directory="/home/bob/test/bb/809y_maze_solver/app/include/MobileRobot" />
            <Add directory="/home/bob/test/bb/809y_maze_solver/app/include/Targets" />
            <Add directory="/usr/include" />
            <Add directory="/usr/include/c++/5" />
            <Add directory="/usr/include/c++/5/backward" />
            <Add directory="/usr/include/x86_64-linux-gnu" />
            <Add directory="/usr/include/x86_64-linux-gnu/c++/5" />
            <Add directory="/usr/lib/gcc/x86_64-linux-gnu/5/include" />
            <Add directory="/usr/lib/gcc/x86_64-linux-gnu/5/include-fixed" />
            <Add directory="/usr/local/include" />
         </Compiler>
         <MakeCommands>
            <Build command="/usr/bin/make -f &quot;/home/bob/test/bb/809y_maze_solver/build-app-Desktop_Qt_5_12_2_GCC_64bit-Default/Makefile&quot;  VERBOSE=1 shell-app" />
            <CompileFile command="/usr/bin/make -f &quot;/home/bob/test/bb/809y_maze_solver/build-app-Desktop_Qt_5_12_2_GCC_64bit-Default/Makefile&quot;  VERBOSE=1 &quot;$file&quot;" />
            <Clean command="/usr/bin/make -f &quot;/home/bob/test/bb/809y_maze_solver/build-app-Desktop_Qt_5_12_2_GCC_64bit-Default/Makefile&quot;  VERBOSE=1 clean" />
            <DistClean command="/usr/bin/make -f &quot;/home/bob/test/bb/809y_maze_solver/build-app-Desktop_Qt_5_12_2_GCC_64bit-Default/Makefile&quot;  VERBOSE=1 clean" />
         </MakeCommands>
      </Target>
      <Target title="shell-app/fast">
         <Option output="/home/bob/test/bb/809y_maze_solver/build-app-Desktop_Qt_5_12_2_GCC_64bit-Default/shell-app" prefix_auto="0" extension_auto="0" />
         <Option working_dir="" />
         <Option object_output="./" />
         <Option type="1" />
         <Option compiler="gcc" />
         <Compiler>
            <Add directory="/home/bob/test/bb/809y_maze_solver/app/include/Maze" />
            <Add directory="/home/bob/test/bb/809y_maze_solver/app/include/MobileRobot" />
            <Add directory="/home/bob/test/bb/809y_maze_solver/app/include/Targets" />
            <Add directory="/usr/include" />
            <Add directory="/usr/include/c++/5" />
            <Add directory="/usr/include/c++/5/backward" />
            <Add directory="/usr/include/x86_64-linux-gnu" />
            <Add directory="/usr/include/x86_64-linux-gnu/c++/5" />
            <Add directory="/usr/lib/gcc/x86_64-linux-gnu/5/include" />
            <Add directory="/usr/lib/gcc/x86_64-linux-gnu/5/include-fixed" />
            <Add directory="/usr/local/include" />
         </Compiler>
         <MakeCommands>
            <Build command="/usr/bin/make -f &quot;/home/bob/test/bb/809y_maze_solver/build-app-Desktop_Qt_5_12_2_GCC_64bit-Default/Makefile&quot;  VERBOSE=1 shell-app/fast" />
            <CompileFile command="/usr/bin/make -f &quot;/home/bob/test/bb/809y_maze_solver/build-app-Desktop_Qt_5_12_2_GCC_64bit-Default/Makefile&quot;  VERBOSE=1 &quot;$file&quot;" />
            <Clean command="/usr/bin/make -f &quot;/home/bob/test/bb/809y_maze_solver/build-app-Desktop_Qt_5_12_2_GCC_64bit-Default/Makefile&quot;  VERBOSE=1 clean" />
            <DistClean command="/usr/bin/make -f &quot;/home/bob/test/bb/809y_maze_solver/build-app-Desktop_Qt_5_12_2_GCC_64bit-Default/Makefile&quot;  VERBOSE=1 clean" />
         </MakeCommands>
      </Target>
      </Build>
      <Unit filename="/home/bob/test/bb/809y_maze_solver/app/Maze.cpp">
         <Option target="shell-app"/>
      </Unit>
      <Unit filename="/home/bob/test/bb/809y_maze_solver/app/MobileRobot.cpp">
         <Option target="shell-app"/>
      </Unit>
      <Unit filename="/home/bob/test/bb/809y_maze_solver/app/Targets.cpp">
         <Option target="shell-app"/>
      </Unit>
      <Unit filename="/home/bob/test/bb/809y_maze_solver/app/TrackedRobot.cpp">
         <Option target="shell-app"/>
      </Unit>
      <Unit filename="/home/bob/test/bb/809y_maze_solver/app/WheeledRobot.cpp">
         <Option target="shell-app"/>
      </Unit>
      <Unit filename="/home/bob/test/bb/809y_maze_solver/app/main.cpp">
         <Option target="shell-app"/>
      </Unit>
      <Unit filename="/home/bob/test/bb/809y_maze_solver/app/CMakeLists.txt">
          <Option virtualFolder="CMake Files\" />
      </Unit>
   </Project>
</CodeBlocks_project_file>
